{
  "version": 4,
  "terraform_version": "1.8.5",
  "serial": 3,
  "lineage": "90ed301b-5e15-b994-ea53-4f152f463697",
  "outputs": {
    "sqs_queue_arn": {
      "value": "arn:aws:sqs:us-west-2:344488522612:test",
      "type": "string"
    },
    "sqs_queue_id": {
      "value": "https://sqs.us-west-2.amazonaws.com/344488522612/test",
      "type": "string"
    }
  },
  "resources": [
    {
      "module": "module.sqs",
      "mode": "managed",
      "type": "aws_sqs_queue",
      "name": "this",
      "provider": "provider[\"registry.terraform.io/hashicorp/aws\"]",
      "instances": [
        {
          "schema_version": 0,
          "attributes": {
            "arn": "arn:aws:sqs:us-west-2:344488522612:test",
            "content_based_deduplication": false,
            "deduplication_scope": "",
            "delay_seconds": 0,
            "fifo_queue": false,
            "fifo_throughput_limit": "",
            "id": "https://sqs.us-west-2.amazonaws.com/344488522612/test",
            "kms_data_key_reuse_period_seconds": 300,
            "kms_master_key_id": "",
            "max_message_size": 262144,
            "message_retention_seconds": 345600,
            "name": "test",
            "name_prefix": "",
            "policy": "",
            "receive_wait_time_seconds": 20,
            "redrive_allow_policy": "",
            "redrive_policy": "",
            "sqs_managed_sse_enabled": true,
            "tags": {
              "Environment": "test",
              "Project": "test"
            },
            "tags_all": {
              "Environment": "test",
              "Project": "test"
            },
            "url": "https://sqs.us-west-2.amazonaws.com/344488522612/test",
            "visibility_timeout_seconds": 30
          },
          "sensitive_attributes": [],
          "private": "bnVsbA=="
        }
      ]
    }
  ],
  "check_results": null
}
